
Microsoft Visual Studio Solution File, Format Version 12.00
# Visual Studio Version 17
VisualStudioVersion = 17.11.35222.181
MinimumVisualStudioVersion = 10.0.40219.1
Project("{9A19103F-16F7-4668-BE54-9A1E7A4F7556}") = "BookManager2.API", "BookManager2.API\BookManager2.API.csproj", "{6F384A5F-EFD3-4CAC-A7C5-56070288D66C}"
EndProject
Project("{9A19103F-16F7-4668-BE54-9A1E7A4F7556}") = "BookManager.Application", "BookManager.Application\BookManager.Application.csproj", "{4A40C974-0681-4B1A-9AB2-A39D43C60CBB}"
EndProject
Project("{9A19103F-16F7-4668-BE54-9A1E7A4F7556}") = "BookManager.Domain", "BookManager.Domain\BookManager.Domain.csproj", "{7251337A-C889-4AC7-9E31-F7DE11F10A08}"
EndProject
Project("{9A19103F-16F7-4668-BE54-9A1E7A4F7556}") = "BookManager.Infrastructure", "BookManager.Infrastructure\BookManager.Infrastructure.csproj", "{1D154961-A716-47B8-A5CD-B441AC1D3EA7}"
EndProject
Project("{FAE04EC0-301F-11D3-BF4B-00C04F79EFBC}") = "BookManager.UnitTests", "BookManager.UnitTests\BookManager.UnitTests.csproj", "{5789420B-3BE7-45EC-89F4-564323FB29B2}"
EndProject
Global
	GlobalSection(SolutionConfigurationPlatforms) = preSolution
		Debug|Any CPU = Debug|Any CPU
		Release|Any CPU = Release|Any CPU
	EndGlobalSection
	GlobalSection(ProjectConfigurationPlatforms) = postSolution
		{6F384A5F-EFD3-4CAC-A7C5-56070288D66C}.Debug|Any CPU.ActiveCfg = Debug|Any CPU
		{6F384A5F-EFD3-4CAC-A7C5-56070288D66C}.Debug|Any CPU.Build.0 = Debug|Any CPU
		{6F384A5F-EFD3-4CAC-A7C5-56070288D66C}.Release|Any CPU.ActiveCfg = Release|Any CPU
		{6F384A5F-EFD3-4CAC-A7C5-56070288D66C}.Release|Any CPU.Build.0 = Release|Any CPU
		{4A40C974-0681-4B1A-9AB2-A39D43C60CBB}.Debug|Any CPU.ActiveCfg = Debug|Any CPU
		{4A40C974-0681-4B1A-9AB2-A39D43C60CBB}.Debug|Any CPU.Build.0 = Debug|Any CPU
		{4A40C974-0681-4B1A-9AB2-A39D43C60CBB}.Release|Any CPU.ActiveCfg = Release|Any CPU
		{4A40C974-0681-4B1A-9AB2-A39D43C60CBB}.Release|Any CPU.Build.0 = Release|Any CPU
		{7251337A-C889-4AC7-9E31-F7DE11F10A08}.Debug|Any CPU.ActiveCfg = Debug|Any CPU
		{7251337A-C889-4AC7-9E31-F7DE11F10A08}.Debug|Any CPU.Build.0 = Debug|Any CPU
		{7251337A-C889-4AC7-9E31-F7DE11F10A08}.Release|Any CPU.ActiveCfg = Release|Any CPU
		{7251337A-C889-4AC7-9E31-F7DE11F10A08}.Release|Any CPU.Build.0 = Release|Any CPU
		{1D154961-A716-47B8-A5CD-B441AC1D3EA7}.Debug|Any CPU.ActiveCfg = Debug|Any CPU
		{1D154961-A716-47B8-A5CD-B441AC1D3EA7}.Debug|Any CPU.Build.0 = Debug|Any CPU
		{1D154961-A716-47B8-A5CD-B441AC1D3EA7}.Release|Any CPU.ActiveCfg = Release|Any CPU
		{1D154961-A716-47B8-A5CD-B441AC1D3EA7}.Release|Any CPU.Build.0 = Release|Any CPU
		{5789420B-3BE7-45EC-89F4-564323FB29B2}.Debug|Any CPU.ActiveCfg = Debug|Any CPU
		{5789420B-3BE7-45EC-89F4-564323FB29B2}.Debug|Any CPU.Build.0 = Debug|Any CPU
		{5789420B-3BE7-45EC-89F4-564323FB29B2}.Release|Any CPU.ActiveCfg = Release|Any CPU
		{5789420B-3BE7-45EC-89F4-564323FB29B2}.Release|Any CPU.Build.0 = Release|Any CPU
	EndGlobalSection
	GlobalSection(SolutionProperties) = preSolution
		HideSolutionNode = FALSE
	EndGlobalSection
	GlobalSection(ExtensibilityGlobals) = postSolution
		SolutionGuid = {BEEBB702-3956-44D9-A27A-A6169C7ECA4F}
	EndGlobalSection
EndGlobal
